
Microsoft Visual Studio Solution File, Format Version 12.00
# Visual Studio Version 17
VisualStudioVersion = 17.3.32825.248
MinimumVisualStudioVersion = 10.0.40219.1
Project("{9A19103F-16F7-4668-BE54-9A1E7A4F7556}") = "MidnightCommander", "MidnightCommander.csproj", "{8EAFA6E4-11BD-4038-869C-CA44D5DDD73A}"
EndProject
Global
	GlobalSection(SolutionConfigurationPlatforms) = preSolution
		Debug|Any CPU = Debug|Any CPU
		Release|Any CPU = Release|Any CPU
	EndGlobalSection
	GlobalSection(ProjectConfigurationPlatforms) = postSolution
		{8EAFA6E4-11BD-4038-869C-CA44D5DDD73A}.Debug|Any CPU.ActiveCfg = Debug|Any CPU
		{8EAFA6E4-11BD-4038-869C-CA44D5DDD73A}.Debug|Any CPU.Build.0 = Debug|Any CPU
		{8EAFA6E4-11BD-4038-869C-CA44D5DDD73A}.Release|Any CPU.ActiveCfg = Release|Any CPU
		{8EAFA6E4-11BD-4038-869C-CA44D5DDD73A}.Release|Any CPU.Build.0 = Release|Any CPU
	EndGlobalSection
	GlobalSection(SolutionProperties) = preSolution
		HideSolutionNode = FALSE
	EndGlobalSection
	GlobalSection(ExtensibilityGlobals) = postSolution
		SolutionGuid = {DEEE8A51-EAB0-43A9-A492-1AE64B244922}
	EndGlobalSection
EndGlobal
